{
  "projects": [
    {
      "projectId": "r3ASNrnyvLLLAtDvzUioQ",
      "version": "3.16.0",
      "dependencies": {},
      "lang": "ts",
      "fileLocks": [
        {
          "assetId": "r3ASNrnyvLLLAtDvzUioQ",
          "type": "projectCss",
          "checksum": "97ec772be5160e37b26814fd84fdccb9"
        }
      ],
      "codegenVersion": "0.0.1"
    },
    {
      "projectId": "w4yYo48qoeavp6MLu5USrX",
      "version": "7.0.0",
      "dependencies": {
        "r3ASNrnyvLLLAtDvzUioQ": "3.16.0"
      },
      "lang": "ts",
      "fileLocks": [
        {
          "type": "globalVariant",
          "assetId": "793qbDbnmqZPDb",
          "checksum": "79f1b12a23cf44a81fb6ea564b2c09fc"
        },
        {
          "assetId": "w4yYo48qoeavp6MLu5USrX",
          "type": "projectCss",
          "checksum": "5331950a9b55471f5f1478cc425fb628"
        },
        {
          "type": "renderModule",
          "assetId": "ARLYiymc0z",
          "checksum": "bbb8c7bcebd850ec553182f910f5ac53"
        },
        {
          "type": "cssRules",
          "assetId": "ARLYiymc0z",
          "checksum": "bbb8c7bcebd850ec553182f910f5ac53"
        },
        {
          "type": "renderModule",
          "assetId": "0IzuBeOqFX",
          "checksum": "5b31378d09d87540f006fb6e7a4c6aaa"
        },
        {
          "type": "cssRules",
          "assetId": "0IzuBeOqFX",
          "checksum": "5b31378d09d87540f006fb6e7a4c6aaa"
        },
        {
          "type": "renderModule",
          "assetId": "vwSSb6HVzl",
          "checksum": "ce48426681639bc9b6f03bae9348af42"
        },
        {
          "type": "cssRules",
          "assetId": "vwSSb6HVzl",
          "checksum": "ce48426681639bc9b6f03bae9348af42"
        },
        {
          "type": "renderModule",
          "assetId": "P-5iDZlX3x",
          "checksum": "45532951dc562cc9e253ee5a450ba68d"
        },
        {
          "type": "cssRules",
          "assetId": "P-5iDZlX3x",
          "checksum": "45532951dc562cc9e253ee5a450ba68d"
        },
        {
          "type": "renderModule",
          "assetId": "UObRc65WjB",
          "checksum": "6301a5cf0ffd2244c302de9b5f4178ce"
        },
        {
          "type": "cssRules",
          "assetId": "UObRc65WjB",
          "checksum": "6301a5cf0ffd2244c302de9b5f4178ce"
        },
        {
          "type": "renderModule",
          "assetId": "NMGxQxLJ6HL",
          "checksum": "9a4cfafd4db253cba7765a1a9632123a"
        },
        {
          "type": "cssRules",
          "assetId": "NMGxQxLJ6HL",
          "checksum": "9a4cfafd4db253cba7765a1a9632123a"
        },
        {
          "type": "icon",
          "assetId": "EJGVF0fbYm",
          "checksum": "6524c9f50de5d30fb10566d78a2d00e8"
        },
        {
          "type": "icon",
          "assetId": "caRC1ivz9t",
          "checksum": "4736225bd1dfdb2c54d31739eeeb68c4"
        },
        {
          "type": "icon",
          "assetId": "NyU6wO6Svu",
          "checksum": "57f5f10a6121e0a29c348cb8631c747b"
        },
        {
          "type": "icon",
          "assetId": "LIGOAN9qik",
          "checksum": "762bc18581a505e5bd9f1aebe6c33cd5"
        },
        {
          "type": "icon",
          "assetId": "iHNoxRcorC",
          "checksum": "6b14746568347223fc7f40aa6e212abc"
        },
        {
          "type": "icon",
          "assetId": "Nm0JLxPHf",
          "checksum": "7a8d6f35013d3b800747cc6f4a0769c6"
        },
        {
          "type": "icon",
          "assetId": "RUbUIIKr-7",
          "checksum": "719646d380e7688b72ab7c79bd7e6d8b"
        },
        {
          "type": "icon",
          "assetId": "krOlpVj1xW",
          "checksum": "bb96d1f83ef1f0a5f3a9384b7b82d019"
        },
        {
          "type": "icon",
          "assetId": "w-NyHY6hyf",
          "checksum": "d0e863b6d70c5bf23dcc5175b2af0aa5"
        },
        {
          "type": "icon",
          "assetId": "FBo7qokeMH",
          "checksum": "bf25545318ada87c0f568edbe9474064"
        },
        {
          "type": "icon",
          "assetId": "evxzZ8huz8",
          "checksum": "665fc757d6b444c864b225db12ea9c61"
        },
        {
          "type": "icon",
          "assetId": "onHQc91Mg6",
          "checksum": "c347a5ccb7fe10e67fbf00ca69466494"
        },
        {
          "type": "icon",
          "assetId": "yAoZ9AuYUh",
          "checksum": "a7b1d06884dca61e92c27368dac9c676"
        },
        {
          "type": "icon",
          "assetId": "HwG5E-iOUD",
          "checksum": "e922779a4cf230d6fa2f23b414a1d522"
        },
        {
          "type": "icon",
          "assetId": "jaIB-YqsC2f",
          "checksum": "72b7cae7e2e522c83dac7793ad96cdf9"
        },
        {
          "type": "icon",
          "assetId": "sveTryCrlGn",
          "checksum": "e2739d5f1c4cc8fd59ec5b9a725295c4"
        },
        {
          "type": "image",
          "assetId": "E89o63lR4",
          "checksum": "51ff8c0e00a9abe233b0652bd9174f57"
        },
        {
          "type": "image",
          "assetId": "ZHqYRjUXQ0",
          "checksum": "f808fc2bdb912103315e786509b077d4"
        },
        {
          "type": "image",
          "assetId": "bLUKnd7l8o",
          "checksum": "5a749699549f929c7b6a71b1abdbd732"
        },
        {
          "type": "image",
          "assetId": "WGlYzgsOO",
          "checksum": "1670b332f6cb627f7f553077e2f53e26"
        },
        {
          "type": "image",
          "assetId": "Hy77PUJ42t",
          "checksum": "b98fefbd04d8f1ebbbd29f1a27e997d5"
        },
        {
          "type": "image",
          "assetId": "aUUYB8RTh",
          "checksum": "bb04d3c92bb653ada7ac472885df6d61"
        }
      ],
      "codegenVersion": "0.0.1"
    },
    {
      "projectId": "DFSgDk7xEF4uDtL4KTuii",
      "version": "latest",
      "dependencies": {
        "ohDidvG9XsCeFumugENU3J": "4.7.0",
        "jkU633o1Cz7HrJdwdxhVHk": "15.2.0"
      },
      "lang": "ts",
      "fileLocks": [
        {
          "type": "globalVariant",
          "assetId": "KPUco5Gf8Gxk",
          "checksum": "d1973cf396acd37aad0dd153de4dec53"
        },
        {
          "type": "renderModule",
          "assetId": "ahCe1JIbpTo",
          "checksum": "227830d9cd52970961997e28bcf6f942"
        },
        {
          "type": "cssRules",
          "assetId": "ahCe1JIbpTo",
          "checksum": "227830d9cd52970961997e28bcf6f942"
        },
        {
          "type": "renderModule",
          "assetId": "nSt5TCeTKDE",
          "checksum": "6c9ce333b6f75cda9c500dc3f3a8ac01"
        },
        {
          "type": "cssRules",
          "assetId": "nSt5TCeTKDE",
          "checksum": "6c9ce333b6f75cda9c500dc3f3a8ac01"
        },
        {
          "type": "renderModule",
          "assetId": "HBIlN8IHFlq",
          "checksum": "15e1d9599b484b4d8361181ab1c20f8b"
        },
        {
          "type": "cssRules",
          "assetId": "HBIlN8IHFlq",
          "checksum": "15e1d9599b484b4d8361181ab1c20f8b"
        },
        {
          "type": "renderModule",
          "assetId": "wtJWL5MKRdX",
          "checksum": "2e48528057b5113e69ed6c213b8a3258"
        },
        {
          "type": "cssRules",
          "assetId": "wtJWL5MKRdX",
          "checksum": "2e48528057b5113e69ed6c213b8a3258"
        },
        {
          "type": "renderModule",
          "assetId": "mfkTZPVpA-",
          "checksum": "f444d41ec9fae35254652239e22ee921"
        },
        {
          "type": "cssRules",
          "assetId": "mfkTZPVpA-",
          "checksum": "f444d41ec9fae35254652239e22ee921"
        },
        {
          "type": "renderModule",
          "assetId": "jJomJF1Hmf",
          "checksum": "20d9ae161eae05b9dc618b41d75fb3db"
        },
        {
          "type": "cssRules",
          "assetId": "jJomJF1Hmf",
          "checksum": "20d9ae161eae05b9dc618b41d75fb3db"
        },
        {
          "type": "renderModule",
          "assetId": "6Hg4UVKwGM",
          "checksum": "94fedf6420ce8bd069c562ef8badba96"
        },
        {
          "type": "cssRules",
          "assetId": "6Hg4UVKwGM",
          "checksum": "94fedf6420ce8bd069c562ef8badba96"
        },
        {
          "type": "renderModule",
          "assetId": "4IYytJcVf3",
          "checksum": "598a29290c9b8a394609907b317e4642"
        },
        {
          "type": "cssRules",
          "assetId": "4IYytJcVf3",
          "checksum": "598a29290c9b8a394609907b317e4642"
        },
        {
          "type": "icon",
          "assetId": "wBPThB11rLD",
          "checksum": "98df4cebfd8e7fc436388f77cb6424cd"
        },
        {
          "type": "icon",
          "assetId": "vQL0a9Pgx6p",
          "checksum": "8a51873c17abd846e929e42ea6404398"
        },
        {
          "type": "icon",
          "assetId": "fD3byLmk8P8",
          "checksum": "91d50626a9a364d7de093499cd45df94"
        },
        {
          "type": "icon",
          "assetId": "eZjCYdllgxn",
          "checksum": "6d61069a2d73893686ce6847f8836d4b"
        },
        {
          "type": "icon",
          "assetId": "9sEL3AEFEMB",
          "checksum": "a9a1782e0006a3aa349fda7eb265ab73"
        },
        {
          "type": "icon",
          "assetId": "KE3xblY27XH",
          "checksum": "c850a10792723664b5e3e8698fc0516d"
        },
        {
          "type": "icon",
          "assetId": "glh44mfmuWC",
          "checksum": "d67fcdf77df7a812de489b668a803de9"
        },
        {
          "type": "icon",
          "assetId": "flYiRJ8GTg3",
          "checksum": "bb357b50fc96b17d6a172cc851be6313"
        },
        {
          "type": "image",
          "assetId": "BTcfpAeBhAg",
          "checksum": "e6be036236a34d5da835b626916420fb"
        },
        {
          "type": "image",
          "assetId": "ocfgD3Mwo4n",
          "checksum": "7b6c7fb2f3d627155429eef0d58badf7"
        },
        {
          "type": "image",
          "assetId": "HjQFXIVnxYQ",
          "checksum": "9128cf611e23f9f79f1f69fb57186e92"
        },
        {
          "type": "image",
          "assetId": "8eOKu6oS-M0",
          "checksum": "ce2e40e435ece0357ee3aa41681f55f9"
        },
        {
          "type": "image",
          "assetId": "FY2ssafR8Pe",
          "checksum": "aa2e9abd4123481b1a597105f336608f"
        },
        {
          "assetId": "DFSgDk7xEF4uDtL4KTuii",
          "checksum": "d3da72f0382d57d39d20a7bbc85067ca",
          "type": "globalContexts"
        },
        {
          "assetId": "DFSgDk7xEF4uDtL4KTuii",
          "type": "projectCss",
          "checksum": "3b0d9daf3757c3864e4cc0ae223f24c5"
        },
        {
          "type": "icon",
          "assetId": "cjbw8vk-G",
          "checksum": "5453e5f1ae7cf66284498476631657d8"
        },
        {
          "type": "icon",
          "assetId": "zsEHQv3X5J",
          "checksum": "a4ee2669c302efe404adaef13a5f308f"
        },
        {
          "type": "icon",
          "assetId": "Tbp1NnMu3M",
          "checksum": "641afb0b136fde2b4bbc76045443bf56"
        },
        {
          "type": "icon",
          "assetId": "rXEPFX-eXi",
          "checksum": "32f116954a2391763922fcf11c664949"
        }
      ],
      "codegenVersion": "0.0.1"
    },
    {
      "projectId": "jkU633o1Cz7HrJdwdxhVHk",
      "version": "15.2.0",
      "dependencies": {},
      "lang": "ts",
      "fileLocks": [
        {
          "assetId": "jkU633o1Cz7HrJdwdxhVHk",
          "type": "projectCss",
          "checksum": "0ae263a3f39b0edbe6d53f733a8b04f1"
        }
      ],
      "codegenVersion": "0.0.1"
    },
    {
      "projectId": "ohDidvG9XsCeFumugENU3J",
      "version": "4.7.0",
      "dependencies": {},
      "lang": "ts",
      "fileLocks": [
        {
          "assetId": "ohDidvG9XsCeFumugENU3J",
          "type": "projectCss",
          "checksum": "fd83b730367fdbde2c69bc6cf31c2a3c"
        },
        {
          "assetId": "ohDidvG9XsCeFumugENU3J",
          "checksum": "8f45a75070e2f0edc34a4dc3d5f6b736",
          "type": "globalContexts"
        }
      ],
      "codegenVersion": "0.0.1"
    }
  ],
  "cliVersion": "0.1.295"
}
